
Microsoft Visual Studio Solution File, Format Version 12.00
# Visual Studio Version 16
VisualStudioVersion = 16.0.28922.388
MinimumVisualStudioVersion = 10.0.40219.1
Project("{FAE04EC0-301F-11D3-BF4B-00C04F79EFBC}") = "StocksDevice", "StocksDevice\StocksDevice.csproj", "{BB3ED54C-858C-4AF5-A8DB-9082419CF45F}"
EndProject
Global
	GlobalSection(SolutionConfigurationPlatforms) = preSolution
		Debug|Any CPU = Debug|Any CPU
		Release|Any CPU = Release|Any CPU
	EndGlobalSection
	GlobalSection(ProjectConfigurationPlatforms) = postSolution
		{BB3ED54C-858C-4AF5-A8DB-9082419CF45F}.Debug|Any CPU.ActiveCfg = Debug|Any CPU
		{BB3ED54C-858C-4AF5-A8DB-9082419CF45F}.Debug|Any CPU.Build.0 = Debug|Any CPU
		{BB3ED54C-858C-4AF5-A8DB-9082419CF45F}.Release|Any CPU.ActiveCfg = Release|Any CPU
		{BB3ED54C-858C-4AF5-A8DB-9082419CF45F}.Release|Any CPU.Build.0 = Release|Any CPU
	EndGlobalSection
	GlobalSection(SolutionProperties) = preSolution
		HideSolutionNode = FALSE
	EndGlobalSection
	GlobalSection(ExtensibilityGlobals) = postSolution
		SolutionGuid = {904568AA-C5F6-45FF-B8BE-13C3DDE226AC}
	EndGlobalSection
EndGlobal
